{
  "name": "prisma-migrate-bug-repro",
  "version": "1.0.0",
  "lockfileVersion": 2,
  "requires": true,
  "packages": {
    "": {
      "version": "1.0.0",
      "license": "ISC",
      "devDependencies": {
        "@prisma/cli": "^2.14.0"
      }
    },
    "node_modules/@prisma/cli": {
      "version": "2.15.0",
      "resolved": "https://registry.npmjs.org/@prisma/cli/-/cli-2.15.0.tgz",
      "integrity": "sha512-sF2mgn5oH5fL9/CKxS0tqojf0rK2BKODlEUqL+2s3YZqvJRSt4iFpiyjgajyd0wyTyv1k9LDHTV0yOD1mXDBsA==",
      "dev": true,
      "hasInstallScript": true,
      "dependencies": {
        "@prisma/engines": "2.15.0-25.e51dc3b5a9ee790a07104bec1c9477d51740fe54"
      },
      "bin": {
        "prisma": "build/index.js",
        "prisma2": "build/index.js"
      },
      "engines": {
        "node": ">=10.4"
      }
    },
    "node_modules/@prisma/engines": {
      "version": "2.15.0-25.e51dc3b5a9ee790a07104bec1c9477d51740fe54",
      "resolved": "https://registry.npmjs.org/@prisma/engines/-/engines-2.15.0-25.e51dc3b5a9ee790a07104bec1c9477d51740fe54.tgz",
      "integrity": "sha512-AgPxAWtwYhhTNEEsV4lK63HTe9z0GAGL3ofMr2B0TncACmzi9lhdun9TTNie38Oy/3DLfr71TUHKUpV8QjOKUw==",
      "dev": true,
      "hasInstallScript": true
    }
  },
  "dependencies": {
    "@prisma/cli": {
      "version": "2.15.0",
      "resolved": "https://registry.npmjs.org/@prisma/cli/-/cli-2.15.0.tgz",
      "integrity": "sha512-sF2mgn5oH5fL9/CKxS0tqojf0rK2BKODlEUqL+2s3YZqvJRSt4iFpiyjgajyd0wyTyv1k9LDHTV0yOD1mXDBsA==",
      "dev": true,
      "requires": {
        "@prisma/engines": "2.15.0-25.e51dc3b5a9ee790a07104bec1c9477d51740fe54"
      }
    },
    "@prisma/engines": {
      "version": "2.15.0-25.e51dc3b5a9ee790a07104bec1c9477d51740fe54",
      "resolved": "https://registry.npmjs.org/@prisma/engines/-/engines-2.15.0-25.e51dc3b5a9ee790a07104bec1c9477d51740fe54.tgz",
      "integrity": "sha512-AgPxAWtwYhhTNEEsV4lK63HTe9z0GAGL3ofMr2B0TncACmzi9lhdun9TTNie38Oy/3DLfr71TUHKUpV8QjOKUw==",
      "dev": true
    }
  }
}
